PODS:
  - audio_recorder (0.0.1):
    - FlutterMacOS
  - FlutterMacOS (1.0.0)

DEPENDENCIES:
  - audio_recorder (from `Flutter/ephemeral/.symlinks/plugins/audio_recorder/macos`)
  - FlutterMacOS (from `Flutter/ephemeral`)

EXTERNAL SOURCES:
  audio_recorder:
    :path: Flutter/ephemeral/.symlinks/plugins/audio_recorder/macos
  FlutterMacOS:
    :path: Flutter/ephemeral

SPEC CHECKSUMS:
  audio_recorder: 3fac35046de7a80b471dd6c2db75a696646e2cfd
  FlutterMacOS: 8f6f14fa908a6fb3fba0cd85dbd81ec4b251fb24

PODFILE CHECKSUM: 1888651be91a8ad58692c1add9ce24279fd4e950

COCOAPODS: 1.16.2
